
Microsoft Visual Studio Solution File, Format Version 12.00
# Visual Studio 15
VisualStudioVersion = 15.0.28010.2026
MinimumVisualStudioVersion = 10.0.40219.1
Project("{FAE04EC0-301F-11D3-BF4B-00C04F79EFBC}") = "InotecManagementTool", "InotecManagementTool\InotecManagementTool.csproj", "{2F301F63-FEB9-468D-AF3B-91386F8A116B}"
EndProject
Global
	GlobalSection(SolutionConfigurationPlatforms) = preSolution
		Debug|Any CPU = Debug|Any CPU
		Release|Any CPU = Release|Any CPU
	EndGlobalSection
	GlobalSection(ProjectConfigurationPlatforms) = postSolution
		{2F301F63-FEB9-468D-AF3B-91386F8A116B}.Debug|Any CPU.ActiveCfg = Debug|Any CPU
		{2F301F63-FEB9-468D-AF3B-91386F8A116B}.Debug|Any CPU.Build.0 = Debug|Any CPU
		{2F301F63-FEB9-468D-AF3B-91386F8A116B}.Release|Any CPU.ActiveCfg = Release|Any CPU
		{2F301F63-FEB9-468D-AF3B-91386F8A116B}.Release|Any CPU.Build.0 = Release|Any CPU
	EndGlobalSection
	GlobalSection(SolutionProperties) = preSolution
		HideSolutionNode = FALSE
	EndGlobalSection
	GlobalSection(ExtensibilityGlobals) = postSolution
		SolutionGuid = {7EBAA4A2-6B5F-4DF0-A797-A5D733C8B91D}
	EndGlobalSection
EndGlobal
